
Microsoft Visual Studio Solution File, Format Version 12.00
# Visual Studio Version 16
VisualStudioVersion = 16.0.31605.320
MinimumVisualStudioVersion = 10.0.40219.1
Project("{FAE04EC0-301F-11D3-BF4B-00C04F79EFBC}") = "ParallelHashingSample", "ParallelHashingSample\ParallelHashingSample.csproj", "{A6BCA107-7F23-4D67-9EC5-0981003645A1}"
EndProject
Project("{FAE04EC0-301F-11D3-BF4B-00C04F79EFBC}") = "UnitTests", "UnitTests\UnitTests.csproj", "{0A3A99B8-8C11-4FF8-8EF0-8DCD4221E5CD}"
EndProject
Global
	GlobalSection(SolutionConfigurationPlatforms) = preSolution
		Debug|Any CPU = Debug|Any CPU
		Release|Any CPU = Release|Any CPU
	EndGlobalSection
	GlobalSection(ProjectConfigurationPlatforms) = postSolution
		{A6BCA107-7F23-4D67-9EC5-0981003645A1}.Debug|Any CPU.ActiveCfg = Debug|Any CPU
		{A6BCA107-7F23-4D67-9EC5-0981003645A1}.Debug|Any CPU.Build.0 = Debug|Any CPU
		{A6BCA107-7F23-4D67-9EC5-0981003645A1}.Release|Any CPU.ActiveCfg = Release|Any CPU
		{A6BCA107-7F23-4D67-9EC5-0981003645A1}.Release|Any CPU.Build.0 = Release|Any CPU
		{0A3A99B8-8C11-4FF8-8EF0-8DCD4221E5CD}.Debug|Any CPU.ActiveCfg = Debug|Any CPU
		{0A3A99B8-8C11-4FF8-8EF0-8DCD4221E5CD}.Debug|Any CPU.Build.0 = Debug|Any CPU
		{0A3A99B8-8C11-4FF8-8EF0-8DCD4221E5CD}.Release|Any CPU.ActiveCfg = Release|Any CPU
		{0A3A99B8-8C11-4FF8-8EF0-8DCD4221E5CD}.Release|Any CPU.Build.0 = Release|Any CPU
	EndGlobalSection
	GlobalSection(SolutionProperties) = preSolution
		HideSolutionNode = FALSE
	EndGlobalSection
	GlobalSection(ExtensibilityGlobals) = postSolution
		SolutionGuid = {045AED36-8A44-43F8-81ED-3FA3B4183433}
	EndGlobalSection
EndGlobal
